{
  "name": "threecsg",
  "version": "0.0.0",
  "lockfileVersion": 2,
  "requires": true,
  "packages": {
    "": {
      "name": "threecsg",
      "version": "0.0.0",
      "dependencies": {
        "coffee-script": "1.4.0"
      }
    },
    "node_modules/coffee-script": {
      "version": "1.4.0",
      "resolved": "https://registry.npmmirror.com/coffee-script/-/coffee-script-1.4.0.tgz",
      "integrity": "sha512-LEn5PkG6XJ3QmqGl3W2LoBMcPhWI0mIRbH+r95THAfeO86+BS4R8Twh9g2F6rCs6iMZBvmPwu6sUZF33+wkUfA==",
      "deprecated": "CoffeeScript on NPM has moved to \"coffeescript\" (no hyphen)",
      "bin": {
        "cake": "bin/cake",
        "coffee": "bin/coffee"
      },
      "engines": {
        "node": ">=0.4.0"
      }
    }
  },
  "dependencies": {
    "coffee-script": {
      "version": "1.4.0",
      "resolved": "https://registry.npmmirror.com/coffee-script/-/coffee-script-1.4.0.tgz",
      "integrity": "sha512-LEn5PkG6XJ3QmqGl3W2LoBMcPhWI0mIRbH+r95THAfeO86+BS4R8Twh9g2F6rCs6iMZBvmPwu6sUZF33+wkUfA=="
    }
  }
}
